// !$*UTF8*$!
{
	archiveVersion = 1;
	classes = {
	};
	objectVersion = 50;
	objects = {

/* Begin PBXBuildFile section */
		04B2001B23979FFC00CA8AE9 /* AppDelegate.m in Sources */ = {isa = PBXBuildFile; fileRef = 04B2001A23979FFC00CA8AE9 /* AppDelegate.m */; };
		04B2001E23979FFC00CA8AE9 /* SceneDelegate.m in Sources */ = {isa = PBXBuildFile; fileRef = 04B2001D23979FFC00CA8AE9 /* SceneDelegate.m */; };
		04B2002123979FFC00CA8AE9 /* ViewController.m in Sources */ = {isa = PBXBuildFile; fileRef = 04B2002023979FFC00CA8AE9 /* ViewController.m */; };
		04B2002423979FFC00CA8AE9 /* Main.storyboard in Resources */ = {isa = PBXBuildFile; fileRef = 04B2002223979FFC00CA8AE9 /* Main.storyboard */; };
		04B200262397A00E00CA8AE9 /* Assets.xcassets in Resources */ = {isa = PBXBuildFile; fileRef = 04B200252397A00E00CA8AE9 /* Assets.xcassets */; };
		04B200292397A00E00CA8AE9 /* LaunchScreen.storyboard in Resources */ = {isa = PBXBuildFile; fileRef = 04B200272397A00E00CA8AE9 /* LaunchScreen.storyboard */; };
		04B2002C2397A00E00CA8AE9 /* main.m in Sources */ = {isa = PBXBuildFile; fileRef = 04B2002B2397A00E00CA8AE9 /* main.m */; };
/* End PBXBuildFile section */

/* Begin PBXFileReference section */
		04B2001623979FFC00CA8AE9 /* RBFormMaster.app */ = {isa = PBXFileReference; explicitFileType = wrapper.application; includeInIndex = 0; path = RBFormMaster.app; sourceTree = BUILT_PRODUCTS_DIR; };
		04B2001923979FFC00CA8AE9 /* AppDelegate.h */ = {isa = PBXFileReference; lastKnownFileType = sourcecode.c.h; path = AppDelegate.h; sourceTree = "<group>"; };
		04B2001A23979FFC00CA8AE9 /* AppDelegate.m */ = {isa = PBXFileReference; lastKnownFileType = sourcecode.c.objc; path = AppDelegate.m; sourceTree = "<group>"; };
		04B2001C23979FFC00CA8AE9 /* SceneDelegate.h */ = {isa = PBXFileReference; lastKnownFileType = sourcecode.c.h; path = SceneDelegate.h; sourceTree = "<group>"; };
		04B2001D23979FFC00CA8AE9 /* SceneDelegate.m */ = {isa = PBXFileReference; lastKnownFileType = sourcecode.c.objc; path = SceneDelegate.m; sourceTree = "<group>"; };
		04B2001F23979FFC00CA8AE9 /* ViewController.h */ = {isa = PBXFileReference; lastKnownFileType = sourcecode.c.h; path = ViewController.h; sourceTree = "<group>"; };
		04B2002023979FFC00CA8AE9 /* ViewController.m */ = {isa = PBXFileReference; lastKnownFileType = sourcecode.c.objc; path = ViewController.m; sourceTree = "<group>"; };
		04B2002323979FFC00CA8AE9 /* Base */ = {isa = PBXFileReference; lastKnownFileType = file.storyboard; name = Base; path = Base.lproj/Main.storyboard; sourceTree = "<group>"; };
		04B200252397A00E00CA8AE9 /* Assets.xcassets */ = {isa = PBXFileReference; lastKnownFileType = folder.assetcatalog; path = Assets.xcassets; sourceTree = "<group>"; };
		04B200282397A00E00CA8AE9 /* Base */ = {isa = PBXFileReference; lastKnownFileType = file.storyboard; name = Base; path = Base.lproj/LaunchScreen.storyboard; sourceTree = "<group>"; };
		04B2002A2397A00E00CA8AE9 /* Info.plist */ = {isa = PBXFileReference; lastKnownFileType = text.plist.xml; path = Info.plist; sourceTree = "<group>"; };
		04B2002B2397A00E00CA8AE9 /* main.m */ = {isa = PBXFileReference; lastKnownFileType = sourcecode.c.objc; path = main.m; sourceTree = "<group>"; };
/* End PBXFileReference section */

/* Begin PBXFrameworksBuildPhase section */
		04B2001323979FFC00CA8AE9 /* Frameworks */ = {
			isa = PBXFrameworksBuildPhase;
			buildActionMask = 2147483647;
			files = (
			);
			runOnlyForDeploymentPostprocessing = 0;
		};
/* End PBXFrameworksBuildPhase section */

/* Begin PBXGroup section */
		04B2000D23979FFC00CA8AE9 = {
			isa = PBXGroup;
			children = (
				04B2001823979FFC00CA8AE9 /* RBFormMaster */,
				04B2001723979FFC00CA8AE9 /* Products */,
			);
			sourceTree = "<group>";
		};
		04B2001723979FFC00CA8AE9 /* Products */ = {
			isa = PBXGroup;
			children = (
				04B2001623979FFC00CA8AE9 /* RBFormMaster.app */,
			);
			name = Products;
			sourceTree = "<group>";
		};
		04B2001823979FFC00CA8AE9 /* RBFormMaster */ = {
			isa = PBXGroup;
			children = (
				04B2001923979FFC00CA8AE9 /* AppDelegate.h */,
				04B2001A23979FFC00CA8AE9 /* AppDelegate.m */,
				04B2001C23979FFC00CA8AE9 /* SceneDelegate.h */,
				04B2001D23979FFC00CA8AE9 /* SceneDelegate.m */,
				04B2001F23979FFC00CA8AE9 /* ViewController.h */,
				04B2002023979FFC00CA8AE9 /* ViewController.m */,
				04B2002223979FFC00CA8AE9 /* Main.storyboard */,
				04B200252397A00E00CA8AE9 /* Assets.xcassets */,
				04B200272397A00E00CA8AE9 /* LaunchScreen.storyboard */,
				04B2002A2397A00E00CA8AE9 /* Info.plist */,
				04B2002B2397A00E00CA8AE9 /* main.m */,
			);
			path = RBFormMaster;
			sourceTree = "<group>";
		};
/* End PBXGroup section */

/* Begin PBXNativeTarget section */
		04B2001523979FFC00CA8AE9 /* RBFormMaster */ = {
			isa = PBXNativeTarget;
			buildConfigurationList = 04B2002F2397A00E00CA8AE9 /* Build configuration list for PBXNativeTarget "RBFormMaster" */;
			buildPhases = (
				04B2001223979FFC00CA8AE9 /* Sources */,
				04B2001323979FFC00CA8AE9 /* Frameworks */,
				04B2001423979FFC00CA8AE9 /* Resources */,
			);
			buildRules = (
			);
			dependencies = (
			);
			name = RBFormMaster;
			productName = RBFormMaster;
			productReference = 04B2001623979FFC00CA8AE9 /* RBFormMaster.app */;
			productType = "com.apple.product-type.application";
		};
/* End PBXNativeTarget section */

/* Begin PBXProject section */
		04B2000E23979FFC00CA8AE9 /* Project object */ = {
			isa = PBXProject;
			attributes = {
				LastUpgradeCheck = 1120;
				ORGANIZATIONNAME = filiyang;
				TargetAttributes = {
					04B2001523979FFC00CA8AE9 = {
						CreatedOnToolsVersion = 11.2.1;
					};
				};
			};
			buildConfigurationList = 04B2001123979FFC00CA8AE9 /* Build configuration list for PBXProject "RBFormMaster" */;
			compatibilityVersion = "Xcode 9.3";
			developmentRegion = en;
			hasScannedForEncodings = 0;
			knownRegions = (
				en,
				Base,
			);
			mainGroup = 04B2000D23979FFC00CA8AE9;
			productRefGroup = 04B2001723979FFC00CA8AE9 /* Products */;
			projectDirPath = "";
			projectRoot = "";
			targets = (
				04B2001523979FFC00CA8AE9 /* RBFormMaster */,
			);
		};
/* End PBXProject section */

/* Begin PBXResourcesBuildPhase section */
		04B2001423979FFC00CA8AE9 /* Resources */ = {
			isa = PBXResourcesBuildPhase;
			buildActionMask = 2147483647;
			files = (
				04B200292397A00E00CA8AE9 /* LaunchScreen.storyboard in Resources */,
				04B200262397A00E00CA8AE9 /* Assets.xcassets in Resources */,
				04B2002423979FFC00CA8AE9 /* Main.storyboard in Resources */,
			);
			runOnlyForDeploymentPostprocessing = 0;
		};
/* End PBXResourcesBuildPhase section */

/* Begin PBXSourcesBuildPhase section */
		04B2001223979FFC00CA8AE9 /* Sources */ = {
			isa = PBXSourcesBuildPhase;
			buildActionMask = 2147483647;
			files = (
				04B2002123979FFC00CA8AE9 /* ViewController.m in Sources */,
				04B2001B23979FFC00CA8AE9 /* AppDelegate.m in Sources */,
				04B2002C2397A00E00CA8AE9 /* main.m in Sources */,
				04B2001E23979FFC00CA8AE9 /* SceneDelegate.m in Sources */,
			);
			runOnlyForDeploymentPostprocessing = 0;
		};
/* End PBXSourcesBuildPhase section */

/* Begin PBXVariantGroup section */
		04B2002223979FFC00CA8AE9 /* Main.storyboard */ = {
			isa = PBXVariantGroup;
			children = (
				04B2002323979FFC00CA8AE9 /* Base */,
			);
			name = Main.storyboard;
			sourceTree = "<group>";
		};
		04B200272397A00E00CA8AE9 /* LaunchScreen.storyboard */ = {
			isa = PBXVariantGroup;
			children = (
				04B200282397A00E00CA8AE9 /* Base */,
			);
			name = LaunchScreen.storyboard;
			sourceTree = "<group>";
		};
/* End PBXVariantGroup section */

/* Begin XCBuildConfiguration section */
		04B2002D2397A00E00CA8AE9 /* Debug */ = {
			isa = XCBuildConfiguration;
			buildSettings = {
				ALWAYS_SEARCH_USER_PATHS = NO;
				CLANG_ANALYZER_NONNULL = YES;
				CLANG_ANALYZER_NUMBER_OBJECT_CONVERSION = YES_AGGRESSIVE;
				CLANG_CXX_LANGUAGE_STANDARD = "gnu++14";
				CLANG_CXX_LIBRARY = "libc++";
				CLANG_ENABLE_MODULES = YES;
				CLANG_ENABLE_OBJC_ARC = YES;
				CLANG_ENABLE_OBJC_WEAK = YES;
				CLANG_WARN_BLOCK_CAPTURE_AUTORELEASING = YES;
				CLANG_WARN_BOOL_CONVERSION = YES;
				CLANG_WARN_COMMA = YES;
				CLANG_WARN_CONSTANT_CONVERSION = YES;
				CLANG_WARN_DEPRECATED_OBJC_IMPLEMENTATIONS = YES;
				CLANG_WARN_DIRECT_OBJC_ISA_USAGE = YES_ERROR;
				CLANG_WARN_DOCUMENTATION_COMMENTS = YES;
				CLANG_WARN_EMPTY_BODY = YES;
				CLANG_WARN_ENUM_CONVERSION = YES;
				CLANG_WARN_INFINITE_RECURSION = YES;
				CLANG_WARN_INT_CONVERSION = YES;
				CLANG_WARN_NON_LITERAL_NULL_CONVERSION = YES;
				CLANG_WARN_OBJC_IMPLICIT_RETAIN_SELF = YES;
				CLANG_WARN_OBJC_LITERAL_CONVERSION = YES;
				CLANG_WARN_OBJC_ROOT_CLASS = YES_ERROR;
				CLANG_WARN_RANGE_LOOP_ANALYSIS = YES;
				CLANG_WARN_STRICT_PROTOTYPES = YES;
				CLANG_WARN_SUSPICIOUS_MOVE = YES;
				CLANG_WARN_UNGUARDED_AVAILABILITY = YES_AGGRESSIVE;
				CLANG_WARN_UNREACHABLE_CODE = YES;
				CLANG_WARN__DUPLICATE_METHOD_MATCH = YES;
				COPY_PHASE_STRIP = NO;
				DEBUG_INFORMATION_FORMAT = dwarf;
				ENABLE_STRICT_OBJC_MSGSEND = YES;
				ENABLE_TESTABILITY = YES;
				GCC_C_LANGUAGE_STANDARD = gnu11;
				GCC_DYNAMIC_NO_PIC = NO;
				GCC_NO_COMMON_BLOCKS = YES;
				GCC_OPTIMIZATION_LEVEL = 0;
				GCC_PREPROCESSOR_DEFINITIONS = (
					"DEBUG=1",
					"$(inherited)",
				);
				GCC_WARN_64_TO_32_BIT_CONVERSION = YES;
				GCC_WARN_ABOUT_RETURN_TYPE = YES_ERROR;
				GCC_WARN_UNDECLARED_SELECTOR = YES;
				GCC_WARN_UNINITIALIZED_AUTOS = YES_AGGRESSIVE;
				GCC_WARN_UNUSED_FUNCTION = YES;
				GCC_WARN_UNUSED_VARIABLE = YES;
				IPHONEOS_DEPLOYMENT_TARGET = 13.2;
				MTL_ENABLE_DEBUG_INFO = INCLUDE_SOURCE;
				MTL_FAST_MATH = YES;
				ONLY_ACTIVE_ARCH = YES;
				SDKROOT = iphoneos;
			};
			name = Debug;
		};
		04B2002E2397A00E00CA8AE9 /* Release */ = {
			isa = XCBuildConfiguration;
			buildSettings = {
				ALWAYS_SEARCH_USER_PATHS = NO;
				CLANG_ANALYZER_NONNULL = YES;
				CLANG_ANALYZER_NUMBER_OBJECT_CONVERSION = YES_AGGRESSIVE;
				CLANG_CXX_LANGUAGE_STANDARD = "gnu++14";
				CLANG_CXX_LIBRARY = "libc++";
				CLANG_ENABLE_MODULES = YES;
				CLANG_ENABLE_OBJC_ARC = YES;
				CLANG_ENABLE_OBJC_WEAK = YES;
				CLANG_WARN_BLOCK_CAPTURE_AUTORELEASING = YES;
				CLANG_WARN_BOOL_CONVERSION = YES;
				CLANG_WARN_COMMA = YES;
				CLANG_WARN_CONSTANT_CONVERSION = YES;
				CLANG_WARN_DEPRECATED_OBJC_IMPLEMENTATIONS = YES;
				CLANG_WARN_DIRECT_OBJC_ISA_USAGE = YES_ERROR;
				CLANG_WARN_DOCUMENTATION_COMMENTS = YES;
				CLANG_WARN_EMPTY_BODY = YES;
				CLANG_WARN_ENUM_CONVERSION = YES;
				CLANG_WARN_INFINITE_RECURSION = YES;
				CLANG_WARN_INT_CONVERSION = YES;
				CLANG_WARN_NON_LITERAL_NULL_CONVERSION = YES;
				CLANG_WARN_OBJC_IMPLICIT_RETAIN_SELF = YES;
				CLANG_WARN_OBJC_LITERAL_CONVERSION = YES;
				CLANG_WARN_OBJC_ROOT_CLASS = YES_ERROR;
				CLANG_WARN_RANGE_LOOP_ANALYSIS = YES;
				CLANG_WARN_STRICT_PROTOTYPES = YES;
				CLANG_WARN_SUSPICIOUS_MOVE = YES;
				CLANG_WARN_UNGUARDED_AVAILABILITY = YES_AGGRESSIVE;
				CLANG_WARN_UNREACHABLE_CODE = YES;
				CLANG_WARN__DUPLICATE_METHOD_MATCH = YES;
				COPY_PHASE_STRIP = NO;
				DEBUG_INFORMATION_FORMAT = "dwarf-with-dsym";
				ENABLE_NS_ASSERTIONS = NO;
				ENABLE_STRICT_OBJC_MSGSEND = YES;
				GCC_C_LANGUAGE_STANDARD = gnu11;
				GCC_NO_COMMON_BLOCKS = YES;
				GCC_WARN_64_TO_32_BIT_CONVERSION = YES;
				GCC_WARN_ABOUT_RETURN_TYPE = YES_ERROR;
				GCC_WARN_UNDECLARED_SELECTOR = YES;
				GCC_WARN_UNINITIALIZED_AUTOS = YES_AGGRESSIVE;
				GCC_WARN_UNUSED_FUNCTION = YES;
				GCC_WARN_UNUSED_VARIABLE = YES;
				IPHONEOS_DEPLOYMENT_TARGET = 13.2;
				MTL_ENABLE_DEBUG_INFO = NO;
				MTL_FAST_MATH = YES;
				SDKROOT = iphoneos;
				VALIDATE_PRODUCT = YES;
			};
			name = Release;
		};
		04B200302397A00E00CA8AE9 /* Debug */ = {
			isa = XCBuildConfiguration;
			buildSettings = {
				ASSETCATALOG_COMPILER_APPICON_NAME = AppIcon;
				CODE_SIGN_STYLE = Automatic;
				DEVELOPMENT_TEAM = 8G7YKGZMGS;
				INFOPLIST_FILE = RBFormMaster/Info.plist;
				IPHONEOS_DEPLOYMENT_TARGET = 10.0;
				LD_RUNPATH_SEARCH_PATHS = (
					"$(inherited)",
					"@executable_path/Frameworks",
				);
				PRODUCT_BUNDLE_IDENTIFIER = com.filiyang.RBFormMaster;
				PRODUCT_NAME = "$(TARGET_NAME)";
				TARGETED_DEVICE_FAMILY = 1;
			};
			name = Debug;
		};
		04B200312397A00E00CA8AE9 /* Release */ = {
			isa = XCBuildConfiguration;
			buildSettings = {
				ASSETCATALOG_COMPILER_APPICON_NAME = AppIcon;
				CODE_SIGN_STYLE = Automatic;
				DEVELOPMENT_TEAM = 8G7YKGZMGS;
				INFOPLIST_FILE = RBFormMaster/Info.plist;
				IPHONEOS_DEPLOYMENT_TARGET = 10.0;
				LD_RUNPATH_SEARCH_PATHS = (
					"$(inherited)",
					"@executable_path/Frameworks",
				);
				PRODUCT_BUNDLE_IDENTIFIER = com.filiyang.RBFormMaster;
				PRODUCT_NAME = "$(TARGET_NAME)";
				TARGETED_DEVICE_FAMILY = 1;
			};
			name = Release;
		};
/* End XCBuildConfiguration section */

/* Begin XCConfigurationList section */
		04B2001123979FFC00CA8AE9 /* Build configuration list for PBXProject "RBFormMaster" */ = {
			isa = XCConfigurationList;
			buildConfigurations = (
				04B2002D2397A00E00CA8AE9 /* Debug */,
				04B2002E2397A00E00CA8AE9 /* Release */,
			);
			defaultConfigurationIsVisible = 0;
			defaultConfigurationName = Release;
		};
		04B2002F2397A00E00CA8AE9 /* Build configuration list for PBXNativeTarget "RBFormMaster" */ = {
			isa = XCConfigurationList;
			buildConfigurations = (
				04B200302397A00E00CA8AE9 /* Debug */,
				04B200312397A00E00CA8AE9 /* Release */,
			);
			defaultConfigurationIsVisible = 0;
			defaultConfigurationName = Release;
		};
/* End XCConfigurationList section */
	};
	rootObject = 04B2000E23979FFC00CA8AE9 /* Project object */;
}
